// !$*UTF8*$!
{
	archiveVersion = 1;
	classes = {
	};
	objectVersion = 56;
	objects = {

/* Begin PBXBuildFile section */
		03B02DFF28F20722008E2ECA /* GoogleService-Info.plist in Resources */ = {isa = PBXBuildFile; fileRef = 03B02DFE28F20722008E2ECA /* GoogleService-Info.plist */; };
		03B02E0228F207C4008E2ECA /* FirebaseAuth in Frameworks */ = {isa = PBXBuildFile; productRef = 03B02E0128F207C4008E2ECA /* FirebaseAuth */; };
		03B02E0728F49C3D008E2ECA /* LoginScreen.swift in Sources */ = {isa = PBXBuildFile; fileRef = 03B02E0628F49C3D008E2ECA /* LoginScreen.swift */; };
		0697E1DD40A2D753A0C1E52E /* Pods_AppNubank.framework in Frameworks */ = {isa = PBXBuildFile; fileRef = 6F0140EE9B5EDEAE0E9E9EB3 /* Pods_AppNubank.framework */; };
		3F595EE228F064AF00CD9C08 /* AppDelegate.swift in Sources */ = {isa = PBXBuildFile; fileRef = 3F595EE128F064AF00CD9C08 /* AppDelegate.swift */; };
		3F595EE428F064AF00CD9C08 /* SceneDelegate.swift in Sources */ = {isa = PBXBuildFile; fileRef = 3F595EE328F064AF00CD9C08 /* SceneDelegate.swift */; };
		3F595EE628F064AF00CD9C08 /* LoginVC.swift in Sources */ = {isa = PBXBuildFile; fileRef = 3F595EE528F064AF00CD9C08 /* LoginVC.swift */; };
		3F595EEB28F064B100CD9C08 /* Assets.xcassets in Resources */ = {isa = PBXBuildFile; fileRef = 3F595EEA28F064B100CD9C08 /* Assets.xcassets */; };
		3F595EEE28F064B100CD9C08 /* LaunchScreen.storyboard in Resources */ = {isa = PBXBuildFile; fileRef = 3F595EEC28F064B100CD9C08 /* LaunchScreen.storyboard */; };
		3F595EF928F064B100CD9C08 /* AppNubankTests.swift in Sources */ = {isa = PBXBuildFile; fileRef = 3F595EF828F064B100CD9C08 /* AppNubankTests.swift */; };
		3F595F0328F064B100CD9C08 /* AppNubankUITests.swift in Sources */ = {isa = PBXBuildFile; fileRef = 3F595F0228F064B100CD9C08 /* AppNubankUITests.swift */; };
		3F595F0528F064B100CD9C08 /* AppNubankUITestsLaunchTests.swift in Sources */ = {isa = PBXBuildFile; fileRef = 3F595F0428F064B100CD9C08 /* AppNubankUITestsLaunchTests.swift */; };
		7C309CA757C88BF76EC1AD34 /* Pods_AppNubank_AppNubankUITests.framework in Frameworks */ = {isa = PBXBuildFile; fileRef = 227BB31EC95E1BE65BC57DF8 /* Pods_AppNubank_AppNubankUITests.framework */; };
		A8E7522CA096214B78CB5649 /* Pods_AppNubankTests.framework in Frameworks */ = {isa = PBXBuildFile; fileRef = A5FFF850FA52D79A0864C146 /* Pods_AppNubankTests.framework */; };
/* End PBXBuildFile section */

/* Begin PBXContainerItemProxy section */
		3F595EF528F064B100CD9C08 /* PBXContainerItemProxy */ = {
			isa = PBXContainerItemProxy;
			containerPortal = 3F595ED628F064AF00CD9C08 /* Project object */;
			proxyType = 1;
			remoteGlobalIDString = 3F595EDD28F064AF00CD9C08;
			remoteInfo = AppNubank;
		};
		3F595EFF28F064B100CD9C08 /* PBXContainerItemProxy */ = {
			isa = PBXContainerItemProxy;
			containerPortal = 3F595ED628F064AF00CD9C08 /* Project object */;
			proxyType = 1;
			remoteGlobalIDString = 3F595EDD28F064AF00CD9C08;
			remoteInfo = AppNubank;
		};
/* End PBXContainerItemProxy section */

/* Begin PBXFileReference section */
		03B02DFE28F20722008E2ECA /* GoogleService-Info.plist */ = {isa = PBXFileReference; fileEncoding = 4; lastKnownFileType = text.plist.xml; path = "GoogleService-Info.plist"; sourceTree = "<group>"; };
		03B02E0628F49C3D008E2ECA /* LoginScreen.swift */ = {isa = PBXFileReference; lastKnownFileType = sourcecode.swift; path = LoginScreen.swift; sourceTree = "<group>"; };
		227BB31EC95E1BE65BC57DF8 /* Pods_AppNubank_AppNubankUITests.framework */ = {isa = PBXFileReference; explicitFileType = wrapper.framework; includeInIndex = 0; path = Pods_AppNubank_AppNubankUITests.framework; sourceTree = BUILT_PRODUCTS_DIR; };
		242210DC5F5F0C6361002351 /* Pods-AppNubank.debug.xcconfig */ = {isa = PBXFileReference; includeInIndex = 1; lastKnownFileType = text.xcconfig; name = "Pods-AppNubank.debug.xcconfig"; path = "Target Support Files/Pods-AppNubank/Pods-AppNubank.debug.xcconfig"; sourceTree = "<group>"; };
		3F595EDE28F064AF00CD9C08 /* AppNubank.app */ = {isa = PBXFileReference; explicitFileType = wrapper.application; includeInIndex = 0; path = AppNubank.app; sourceTree = BUILT_PRODUCTS_DIR; };
		3F595EE128F064AF00CD9C08 /* AppDelegate.swift */ = {isa = PBXFileReference; lastKnownFileType = sourcecode.swift; path = AppDelegate.swift; sourceTree = "<group>"; };
		3F595EE328F064AF00CD9C08 /* SceneDelegate.swift */ = {isa = PBXFileReference; lastKnownFileType = sourcecode.swift; path = SceneDelegate.swift; sourceTree = "<group>"; };
		3F595EE528F064AF00CD9C08 /* LoginVC.swift */ = {isa = PBXFileReference; lastKnownFileType = sourcecode.swift; path = LoginVC.swift; sourceTree = "<group>"; };
		3F595EEA28F064B100CD9C08 /* Assets.xcassets */ = {isa = PBXFileReference; lastKnownFileType = folder.assetcatalog; path = Assets.xcassets; sourceTree = "<group>"; };
		3F595EED28F064B100CD9C08 /* Base */ = {isa = PBXFileReference; lastKnownFileType = file.storyboard; name = Base; path = Base.lproj/LaunchScreen.storyboard; sourceTree = "<group>"; };
		3F595EEF28F064B100CD9C08 /* Info.plist */ = {isa = PBXFileReference; lastKnownFileType = text.plist.xml; path = Info.plist; sourceTree = "<group>"; };
		3F595EF428F064B100CD9C08 /* AppNubankTests.xctest */ = {isa = PBXFileReference; explicitFileType = wrapper.cfbundle; includeInIndex = 0; path = AppNubankTests.xctest; sourceTree = BUILT_PRODUCTS_DIR; };
		3F595EF828F064B100CD9C08 /* AppNubankTests.swift */ = {isa = PBXFileReference; lastKnownFileType = sourcecode.swift; path = AppNubankTests.swift; sourceTree = "<group>"; };
		3F595EFE28F064B100CD9C08 /* AppNubankUITests.xctest */ = {isa = PBXFileReference; explicitFileType = wrapper.cfbundle; includeInIndex = 0; path = AppNubankUITests.xctest; sourceTree = BUILT_PRODUCTS_DIR; };
		3F595F0228F064B100CD9C08 /* AppNubankUITests.swift */ = {isa = PBXFileReference; lastKnownFileType = sourcecode.swift; path = AppNubankUITests.swift; sourceTree = "<group>"; };
		3F595F0428F064B100CD9C08 /* AppNubankUITestsLaunchTests.swift */ = {isa = PBXFileReference; lastKnownFileType = sourcecode.swift; path = AppNubankUITestsLaunchTests.swift; sourceTree = "<group>"; };
		560F61D88076C62FAECBF47E /* Pods-AppNubank.release.xcconfig */ = {isa = PBXFileReference; includeInIndex = 1; lastKnownFileType = text.xcconfig; name = "Pods-AppNubank.release.xcconfig"; path = "Target Support Files/Pods-AppNubank/Pods-AppNubank.release.xcconfig"; sourceTree = "<group>"; };
		5E5F8A7BFCBAC46E142B2F14 /* Pods-AppNubankTests.debug.xcconfig */ = {isa = PBXFileReference; includeInIndex = 1; lastKnownFileType = text.xcconfig; name = "Pods-AppNubankTests.debug.xcconfig"; path = "Target Support Files/Pods-AppNubankTests/Pods-AppNubankTests.debug.xcconfig"; sourceTree = "<group>"; };
		6F0140EE9B5EDEAE0E9E9EB3 /* Pods_AppNubank.framework */ = {isa = PBXFileReference; explicitFileType = wrapper.framework; includeInIndex = 0; path = Pods_AppNubank.framework; sourceTree = BUILT_PRODUCTS_DIR; };
		877C039AC1517B4D5C39AE3A /* Pods-AppNubank-AppNubankUITests.debug.xcconfig */ = {isa = PBXFileReference; includeInIndex = 1; lastKnownFileType = text.xcconfig; name = "Pods-AppNubank-AppNubankUITests.debug.xcconfig"; path = "Target Support Files/Pods-AppNubank-AppNubankUITests/Pods-AppNubank-AppNubankUITests.debug.xcconfig"; sourceTree = "<group>"; };
		9A08BBADE48B55797A6DC8E6 /* Pods-AppNubank-AppNubankUITests.release.xcconfig */ = {isa = PBXFileReference; includeInIndex = 1; lastKnownFileType = text.xcconfig; name = "Pods-AppNubank-AppNubankUITests.release.xcconfig"; path = "Target Support Files/Pods-AppNubank-AppNubankUITests/Pods-AppNubank-AppNubankUITests.release.xcconfig"; sourceTree = "<group>"; };
		A5FFF850FA52D79A0864C146 /* Pods_AppNubankTests.framework */ = {isa = PBXFileReference; explicitFileType = wrapper.framework; includeInIndex = 0; path = Pods_AppNubankTests.framework; sourceTree = BUILT_PRODUCTS_DIR; };
		FF1D8A25FEEC3838B10CBDE9 /* Pods-AppNubankTests.release.xcconfig */ = {isa = PBXFileReference; includeInIndex = 1; lastKnownFileType = text.xcconfig; name = "Pods-AppNubankTests.release.xcconfig"; path = "Target Support Files/Pods-AppNubankTests/Pods-AppNubankTests.release.xcconfig"; sourceTree = "<group>"; };
/* End PBXFileReference section */

/* Begin PBXFrameworksBuildPhase section */
		3F595EDB28F064AF00CD9C08 /* Frameworks */ = {
			isa = PBXFrameworksBuildPhase;
			buildActionMask = 2147483647;
			files = (
				0697E1DD40A2D753A0C1E52E /* Pods_AppNubank.framework in Frameworks */,
				03B02E0228F207C4008E2ECA /* FirebaseAuth in Frameworks */,
			);
			runOnlyForDeploymentPostprocessing = 0;
		};
		3F595EF128F064B100CD9C08 /* Frameworks */ = {
			isa = PBXFrameworksBuildPhase;
			buildActionMask = 2147483647;
			files = (
				A8E7522CA096214B78CB5649 /* Pods_AppNubankTests.framework in Frameworks */,
			);
			runOnlyForDeploymentPostprocessing = 0;
		};
		3F595EFB28F064B100CD9C08 /* Frameworks */ = {
			isa = PBXFrameworksBuildPhase;
			buildActionMask = 2147483647;
			files = (
				7C309CA757C88BF76EC1AD34 /* Pods_AppNubank_AppNubankUITests.framework in Frameworks */,
			);
			runOnlyForDeploymentPostprocessing = 0;
		};
/* End PBXFrameworksBuildPhase section */

/* Begin PBXGroup section */
		038921C528F7127E00311F61 /* Model */ = {
			isa = PBXGroup;
			children = (
			);
			path = Model;
			sourceTree = "<group>";
		};
		038921C628F7128600311F61 /* ViewModel */ = {
			isa = PBXGroup;
			children = (
			);
			path = ViewModel;
			sourceTree = "<group>";
		};
		03B02E0328F49B76008E2ECA /* Login */ = {
			isa = PBXGroup;
			children = (
				038921C628F7128600311F61 /* ViewModel */,
				038921C528F7127E00311F61 /* Model */,
				03B02E0528F49B99008E2ECA /* Screen */,
				03B02E0428F49B84008E2ECA /* VC */,
			);
			path = Login;
			sourceTree = "<group>";
		};
		03B02E0428F49B84008E2ECA /* VC */ = {
			isa = PBXGroup;
			children = (
				3F595EE528F064AF00CD9C08 /* LoginVC.swift */,
			);
			path = VC;
			sourceTree = "<group>";
		};
		03B02E0528F49B99008E2ECA /* Screen */ = {
			isa = PBXGroup;
			children = (
				03B02E0628F49C3D008E2ECA /* LoginScreen.swift */,
			);
			path = Screen;
			sourceTree = "<group>";
		};
		3F595ED528F064AF00CD9C08 = {
			isa = PBXGroup;
			children = (
				3F595EE028F064AF00CD9C08 /* AppNubank */,
				3F595EF728F064B100CD9C08 /* AppNubankTests */,
				3F595F0128F064B100CD9C08 /* AppNubankUITests */,
				3F595EDF28F064AF00CD9C08 /* Products */,
				56CED716C68C1D646FB9D68B /* Pods */,
				F30FD6B73CDB2F3048BBEE82 /* Frameworks */,
			);
			sourceTree = "<group>";
		};
		3F595EDF28F064AF00CD9C08 /* Products */ = {
			isa = PBXGroup;
			children = (
				3F595EDE28F064AF00CD9C08 /* AppNubank.app */,
				3F595EF428F064B100CD9C08 /* AppNubankTests.xctest */,
				3F595EFE28F064B100CD9C08 /* AppNubankUITests.xctest */,
			);
			name = Products;
			sourceTree = "<group>";
		};
		3F595EE028F064AF00CD9C08 /* AppNubank */ = {
			isa = PBXGroup;
			children = (
				03B02E0328F49B76008E2ECA /* Login */,
				3F595EE128F064AF00CD9C08 /* AppDelegate.swift */,
				3F595EE328F064AF00CD9C08 /* SceneDelegate.swift */,
				3F595EEA28F064B100CD9C08 /* Assets.xcassets */,
				3F595EEC28F064B100CD9C08 /* LaunchScreen.storyboard */,
				3F595EEF28F064B100CD9C08 /* Info.plist */,
				03B02DFE28F20722008E2ECA /* GoogleService-Info.plist */,
			);
			path = AppNubank;
			sourceTree = "<group>";
		};
		3F595EF728F064B100CD9C08 /* AppNubankTests */ = {
			isa = PBXGroup;
			children = (
				3F595EF828F064B100CD9C08 /* AppNubankTests.swift */,
			);
			path = AppNubankTests;
			sourceTree = "<group>";
		};
		3F595F0128F064B100CD9C08 /* AppNubankUITests */ = {
			isa = PBXGroup;
			children = (
				3F595F0228F064B100CD9C08 /* AppNubankUITests.swift */,
				3F595F0428F064B100CD9C08 /* AppNubankUITestsLaunchTests.swift */,
			);
			path = AppNubankUITests;
			sourceTree = "<group>";
		};
		56CED716C68C1D646FB9D68B /* Pods */ = {
			isa = PBXGroup;
			children = (
				242210DC5F5F0C6361002351 /* Pods-AppNubank.debug.xcconfig */,
				560F61D88076C62FAECBF47E /* Pods-AppNubank.release.xcconfig */,
				877C039AC1517B4D5C39AE3A /* Pods-AppNubank-AppNubankUITests.debug.xcconfig */,
				9A08BBADE48B55797A6DC8E6 /* Pods-AppNubank-AppNubankUITests.release.xcconfig */,
				5E5F8A7BFCBAC46E142B2F14 /* Pods-AppNubankTests.debug.xcconfig */,
				FF1D8A25FEEC3838B10CBDE9 /* Pods-AppNubankTests.release.xcconfig */,
			);
			path = Pods;
			sourceTree = "<group>";
		};
		F30FD6B73CDB2F3048BBEE82 /* Frameworks */ = {
			isa = PBXGroup;
			children = (
				6F0140EE9B5EDEAE0E9E9EB3 /* Pods_AppNubank.framework */,
				227BB31EC95E1BE65BC57DF8 /* Pods_AppNubank_AppNubankUITests.framework */,
				A5FFF850FA52D79A0864C146 /* Pods_AppNubankTests.framework */,
			);
			name = Frameworks;
			sourceTree = "<group>";
		};
/* End PBXGroup section */

/* Begin PBXNativeTarget section */
		3F595EDD28F064AF00CD9C08 /* AppNubank */ = {
			isa = PBXNativeTarget;
			buildConfigurationList = 3F595F0828F064B100CD9C08 /* Build configuration list for PBXNativeTarget "AppNubank" */;
			buildPhases = (
				11E75F9755E9344FB6232BC4 /* [CP] Check Pods Manifest.lock */,
				3F595EDA28F064AF00CD9C08 /* Sources */,
				3F595EDB28F064AF00CD9C08 /* Frameworks */,
				3F595EDC28F064AF00CD9C08 /* Resources */,
				E7BBADE6D642AE6E4B756917 /* [CP] Embed Pods Frameworks */,
			);
			buildRules = (
			);
			dependencies = (
			);
			name = AppNubank;
			packageProductDependencies = (
				03B02E0128F207C4008E2ECA /* FirebaseAuth */,
			);
			productName = AppNubank;
			productReference = 3F595EDE28F064AF00CD9C08 /* AppNubank.app */;
			productType = "com.apple.product-type.application";
		};
		3F595EF328F064B100CD9C08 /* AppNubankTests */ = {
			isa = PBXNativeTarget;
			buildConfigurationList = 3F595F0B28F064B100CD9C08 /* Build configuration list for PBXNativeTarget "AppNubankTests" */;
			buildPhases = (
				E34048C562DDD695D650064F /* [CP] Check Pods Manifest.lock */,
				3F595EF028F064B100CD9C08 /* Sources */,
				3F595EF128F064B100CD9C08 /* Frameworks */,
				3F595EF228F064B100CD9C08 /* Resources */,
			);
			buildRules = (
			);
			dependencies = (
				3F595EF628F064B100CD9C08 /* PBXTargetDependency */,
			);
			name = AppNubankTests;
			productName = AppNubankTests;
			productReference = 3F595EF428F064B100CD9C08 /* AppNubankTests.xctest */;
			productType = "com.apple.product-type.bundle.unit-test";
		};
		3F595EFD28F064B100CD9C08 /* AppNubankUITests */ = {
			isa = PBXNativeTarget;
			buildConfigurationList = 3F595F0E28F064B100CD9C08 /* Build configuration list for PBXNativeTarget "AppNubankUITests" */;
			buildPhases = (
				0052ED9CC476A58A2A272CE9 /* [CP] Check Pods Manifest.lock */,
				3F595EFA28F064B100CD9C08 /* Sources */,
				3F595EFB28F064B100CD9C08 /* Frameworks */,
				3F595EFC28F064B100CD9C08 /* Resources */,
				8FF21CB8340F115B24F9607F /* [CP] Embed Pods Frameworks */,
			);
			buildRules = (
			);
			dependencies = (
				3F595F0028F064B100CD9C08 /* PBXTargetDependency */,
			);
			name = AppNubankUITests;
			productName = AppNubankUITests;
			productReference = 3F595EFE28F064B100CD9C08 /* AppNubankUITests.xctest */;
			productType = "com.apple.product-type.bundle.ui-testing";
		};
/* End PBXNativeTarget section */

/* Begin PBXProject section */
		3F595ED628F064AF00CD9C08 /* Project object */ = {
			isa = PBXProject;
			attributes = {
				BuildIndependentTargetsInParallel = 1;
				LastSwiftUpdateCheck = 1400;
				LastUpgradeCheck = 1400;
				TargetAttributes = {
					3F595EDD28F064AF00CD9C08 = {
						CreatedOnToolsVersion = 14.0.1;
					};
					3F595EF328F064B100CD9C08 = {
						CreatedOnToolsVersion = 14.0.1;
						TestTargetID = 3F595EDD28F064AF00CD9C08;
					};
					3F595EFD28F064B100CD9C08 = {
						CreatedOnToolsVersion = 14.0.1;
						TestTargetID = 3F595EDD28F064AF00CD9C08;
					};
				};
			};
			buildConfigurationList = 3F595ED928F064AF00CD9C08 /* Build configuration list for PBXProject "AppNubank" */;
			compatibilityVersion = "Xcode 14.0";
			developmentRegion = en;
			hasScannedForEncodings = 0;
			knownRegions = (
				en,
				Base,
			);
			mainGroup = 3F595ED528F064AF00CD9C08;
			packageReferences = (
				03B02E0028F207C4008E2ECA /* XCRemoteSwiftPackageReference "firebase-ios-sdk" */,
			);
			productRefGroup = 3F595EDF28F064AF00CD9C08 /* Products */;
			projectDirPath = "";
			projectRoot = "";
			targets = (
				3F595EDD28F064AF00CD9C08 /* AppNubank */,
				3F595EF328F064B100CD9C08 /* AppNubankTests */,
				3F595EFD28F064B100CD9C08 /* AppNubankUITests */,
			);
		};
/* End PBXProject section */

/* Begin PBXResourcesBuildPhase section */
		3F595EDC28F064AF00CD9C08 /* Resources */ = {
			isa = PBXResourcesBuildPhase;
			buildActionMask = 2147483647;
			files = (
				3F595EEE28F064B100CD9C08 /* LaunchScreen.storyboard in Resources */,
				03B02DFF28F20722008E2ECA /* GoogleService-Info.plist in Resources */,
				3F595EEB28F064B100CD9C08 /* Assets.xcassets in Resources */,
			);
			runOnlyForDeploymentPostprocessing = 0;
		};
		3F595EF228F064B100CD9C08 /* Resources */ = {
			isa = PBXResourcesBuildPhase;
			buildActionMask = 2147483647;
			files = (
			);
			runOnlyForDeploymentPostprocessing = 0;
		};
		3F595EFC28F064B100CD9C08 /* Resources */ = {
			isa = PBXResourcesBuildPhase;
			buildActionMask = 2147483647;
			files = (
			);
			runOnlyForDeploymentPostprocessing = 0;
		};
/* End PBXResourcesBuildPhase section */

/* Begin PBXShellScriptBuildPhase section */
		0052ED9CC476A58A2A272CE9 /* [CP] Check Pods Manifest.lock */ = {
			isa = PBXShellScriptBuildPhase;
			buildActionMask = 2147483647;
			files = (
			);
			inputFileListPaths = (
			);
			inputPaths = (
				"${PODS_PODFILE_DIR_PATH}/Podfile.lock",
				"${PODS_ROOT}/Manifest.lock",
			);
			name = "[CP] Check Pods Manifest.lock";
			outputFileListPaths = (
			);
			outputPaths = (
				"$(DERIVED_FILE_DIR)/Pods-AppNubank-AppNubankUITests-checkManifestLockResult.txt",
			);
			runOnlyForDeploymentPostprocessing = 0;
			shellPath = /bin/sh;
			shellScript = "diff \"${PODS_PODFILE_DIR_PATH}/Podfile.lock\" \"${PODS_ROOT}/Manifest.lock\" > /dev/null\nif [ $? != 0 ] ; then\n    # print error to STDERR\n    echo \"error: The sandbox is not in sync with the Podfile.lock. Run 'pod install' or update your CocoaPods installation.\" >&2\n    exit 1\nfi\n# This output is used by Xcode 'outputs' to avoid re-running this script phase.\necho \"SUCCESS\" > \"${SCRIPT_OUTPUT_FILE_0}\"\n";
			showEnvVarsInLog = 0;
		};
		11E75F9755E9344FB6232BC4 /* [CP] Check Pods Manifest.lock */ = {
			isa = PBXShellScriptBuildPhase;
			buildActionMask = 2147483647;
			files = (
			);
			inputFileListPaths = (
			);
			inputPaths = (
				"${PODS_PODFILE_DIR_PATH}/Podfile.lock",
				"${PODS_ROOT}/Manifest.lock",
			);
			name = "[CP] Check Pods Manifest.lock";
			outputFileListPaths = (
			);
			outputPaths = (
				"$(DERIVED_FILE_DIR)/Pods-AppNubank-checkManifestLockResult.txt",
			);
			runOnlyForDeploymentPostprocessing = 0;
			shellPath = /bin/sh;
			shellScript = "diff \"${PODS_PODFILE_DIR_PATH}/Podfile.lock\" \"${PODS_ROOT}/Manifest.lock\" > /dev/null\nif [ $? != 0 ] ; then\n    # print error to STDERR\n    echo \"error: The sandbox is not in sync with the Podfile.lock. Run 'pod install' or update your CocoaPods installation.\" >&2\n    exit 1\nfi\n# This output is used by Xcode 'outputs' to avoid re-running this script phase.\necho \"SUCCESS\" > \"${SCRIPT_OUTPUT_FILE_0}\"\n";
			showEnvVarsInLog = 0;
		};
		8FF21CB8340F115B24F9607F /* [CP] Embed Pods Frameworks */ = {
			isa = PBXShellScriptBuildPhase;
			buildActionMask = 2147483647;
			files = (
			);
			inputFileListPaths = (
				"${PODS_ROOT}/Target Support Files/Pods-AppNubank-AppNubankUITests/Pods-AppNubank-AppNubankUITests-frameworks-${CONFIGURATION}-input-files.xcfilelist",
			);
			name = "[CP] Embed Pods Frameworks";
			outputFileListPaths = (
				"${PODS_ROOT}/Target Support Files/Pods-AppNubank-AppNubankUITests/Pods-AppNubank-AppNubankUITests-frameworks-${CONFIGURATION}-output-files.xcfilelist",
			);
			runOnlyForDeploymentPostprocessing = 0;
			shellPath = /bin/sh;
			shellScript = "\"${PODS_ROOT}/Target Support Files/Pods-AppNubank-AppNubankUITests/Pods-AppNubank-AppNubankUITests-frameworks.sh\"\n";
			showEnvVarsInLog = 0;
		};
		E34048C562DDD695D650064F /* [CP] Check Pods Manifest.lock */ = {
			isa = PBXShellScriptBuildPhase;
			buildActionMask = 2147483647;
			files = (
			);
			inputFileListPaths = (
			);
			inputPaths = (
				"${PODS_PODFILE_DIR_PATH}/Podfile.lock",
				"${PODS_ROOT}/Manifest.lock",
			);
			name = "[CP] Check Pods Manifest.lock";
			outputFileListPaths = (
			);
			outputPaths = (
				"$(DERIVED_FILE_DIR)/Pods-AppNubankTests-checkManifestLockResult.txt",
			);
			runOnlyForDeploymentPostprocessing = 0;
			shellPath = /bin/sh;
			shellScript = "diff \"${PODS_PODFILE_DIR_PATH}/Podfile.lock\" \"${PODS_ROOT}/Manifest.lock\" > /dev/null\nif [ $? != 0 ] ; then\n    # print error to STDERR\n    echo \"error: The sandbox is not in sync with the Podfile.lock. Run 'pod install' or update your CocoaPods installation.\" >&2\n    exit 1\nfi\n# This output is used by Xcode 'outputs' to avoid re-running this script phase.\necho \"SUCCESS\" > \"${SCRIPT_OUTPUT_FILE_0}\"\n";
			showEnvVarsInLog = 0;
		};
		E7BBADE6D642AE6E4B756917 /* [CP] Embed Pods Frameworks */ = {
			isa = PBXShellScriptBuildPhase;
			buildActionMask = 2147483647;
			files = (
			);
			inputFileListPaths = (
				"${PODS_ROOT}/Target Support Files/Pods-AppNubank/Pods-AppNubank-frameworks-${CONFIGURATION}-input-files.xcfilelist",
			);
			name = "[CP] Embed Pods Frameworks";
			outputFileListPaths = (
				"${PODS_ROOT}/Target Support Files/Pods-AppNubank/Pods-AppNubank-frameworks-${CONFIGURATION}-output-files.xcfilelist",
			);
			runOnlyForDeploymentPostprocessing = 0;
			shellPath = /bin/sh;
			shellScript = "\"${PODS_ROOT}/Target Support Files/Pods-AppNubank/Pods-AppNubank-frameworks.sh\"\n";
			showEnvVarsInLog = 0;
		};
/* End PBXShellScriptBuildPhase section */

/* Begin PBXSourcesBuildPhase section */
		3F595EDA28F064AF00CD9C08 /* Sources */ = {
			isa = PBXSourcesBuildPhase;
			buildActionMask = 2147483647;
			files = (
				3F595EE628F064AF00CD9C08 /* LoginVC.swift in Sources */,
				03B02E0728F49C3D008E2ECA /* LoginScreen.swift in Sources */,
				3F595EE228F064AF00CD9C08 /* AppDelegate.swift in Sources */,
				3F595EE428F064AF00CD9C08 /* SceneDelegate.swift in Sources */,
			);
			runOnlyForDeploymentPostprocessing = 0;
		};
		3F595EF028F064B100CD9C08 /* Sources */ = {
			isa = PBXSourcesBuildPhase;
			buildActionMask = 2147483647;
			files = (
				3F595EF928F064B100CD9C08 /* AppNubankTests.swift in Sources */,
			);
			runOnlyForDeploymentPostprocessing = 0;
		};
		3F595EFA28F064B100CD9C08 /* Sources */ = {
			isa = PBXSourcesBuildPhase;
			buildActionMask = 2147483647;
			files = (
				3F595F0328F064B100CD9C08 /* AppNubankUITests.swift in Sources */,
				3F595F0528F064B100CD9C08 /* AppNubankUITestsLaunchTests.swift in Sources */,
			);
			runOnlyForDeploymentPostprocessing = 0;
		};
/* End PBXSourcesBuildPhase section */

/* Begin PBXTargetDependency section */
		3F595EF628F064B100CD9C08 /* PBXTargetDependency */ = {
			isa = PBXTargetDependency;
			target = 3F595EDD28F064AF00CD9C08 /* AppNubank */;
			targetProxy = 3F595EF528F064B100CD9C08 /* PBXContainerItemProxy */;
		};
		3F595F0028F064B100CD9C08 /* PBXTargetDependency */ = {
			isa = PBXTargetDependency;
			target = 3F595EDD28F064AF00CD9C08 /* AppNubank */;
			targetProxy = 3F595EFF28F064B100CD9C08 /* PBXContainerItemProxy */;
		};
/* End PBXTargetDependency section */

/* Begin PBXVariantGroup section */
		3F595EEC28F064B100CD9C08 /* LaunchScreen.storyboard */ = {
			isa = PBXVariantGroup;
			children = (
				3F595EED28F064B100CD9C08 /* Base */,
			);
			name = LaunchScreen.storyboard;
			sourceTree = "<group>";
		};
/* End PBXVariantGroup section */

/* Begin XCBuildConfiguration section */
		3F595F0628F064B100CD9C08 /* Debug */ = {
			isa = XCBuildConfiguration;
			buildSettings = {
				ALWAYS_SEARCH_USER_PATHS = NO;
				CLANG_ANALYZER_NONNULL = YES;
				CLANG_ANALYZER_NUMBER_OBJECT_CONVERSION = YES_AGGRESSIVE;
				CLANG_CXX_LANGUAGE_STANDARD = "gnu++20";
				CLANG_ENABLE_MODULES = YES;
				CLANG_ENABLE_OBJC_ARC = YES;
				CLANG_ENABLE_OBJC_WEAK = YES;
				CLANG_WARN_BLOCK_CAPTURE_AUTORELEASING = YES;
				CLANG_WARN_BOOL_CONVERSION = YES;
				CLANG_WARN_COMMA = YES;
				CLANG_WARN_CONSTANT_CONVERSION = YES;
				CLANG_WARN_DEPRECATED_OBJC_IMPLEMENTATIONS = YES;
				CLANG_WARN_DIRECT_OBJC_ISA_USAGE = YES_ERROR;
				CLANG_WARN_DOCUMENTATION_COMMENTS = YES;
				CLANG_WARN_EMPTY_BODY = YES;
				CLANG_WARN_ENUM_CONVERSION = YES;
				CLANG_WARN_INFINITE_RECURSION = YES;
				CLANG_WARN_INT_CONVERSION = YES;
				CLANG_WARN_NON_LITERAL_NULL_CONVERSION = YES;
				CLANG_WARN_OBJC_IMPLICIT_RETAIN_SELF = YES;
				CLANG_WARN_OBJC_LITERAL_CONVERSION = YES;
				CLANG_WARN_OBJC_ROOT_CLASS = YES_ERROR;
				CLANG_WARN_QUOTED_INCLUDE_IN_FRAMEWORK_HEADER = YES;
				CLANG_WARN_RANGE_LOOP_ANALYSIS = YES;
				CLANG_WARN_STRICT_PROTOTYPES = YES;
				CLANG_WARN_SUSPICIOUS_MOVE = YES;
				CLANG_WARN_UNGUARDED_AVAILABILITY = YES_AGGRESSIVE;
				CLANG_WARN_UNREACHABLE_CODE = YES;
				CLANG_WARN__DUPLICATE_METHOD_MATCH = YES;
				COPY_PHASE_STRIP = NO;
				DEBUG_INFORMATION_FORMAT = dwarf;
				ENABLE_STRICT_OBJC_MSGSEND = YES;
				ENABLE_TESTABILITY = YES;
				GCC_C_LANGUAGE_STANDARD = gnu11;
				GCC_DYNAMIC_NO_PIC = NO;
				GCC_NO_COMMON_BLOCKS = YES;
				GCC_OPTIMIZATION_LEVEL = 0;
				GCC_PREPROCESSOR_DEFINITIONS = (
					"DEBUG=1",
					"$(inherited)",
				);
				GCC_WARN_64_TO_32_BIT_CONVERSION = YES;
				GCC_WARN_ABOUT_RETURN_TYPE = YES_ERROR;
				GCC_WARN_UNDECLARED_SELECTOR = YES;
				GCC_WARN_UNINITIALIZED_AUTOS = YES_AGGRESSIVE;
				GCC_WARN_UNUSED_FUNCTION = YES;
				GCC_WARN_UNUSED_VARIABLE = YES;
				IPHONEOS_DEPLOYMENT_TARGET = 16.0;
				MTL_ENABLE_DEBUG_INFO = INCLUDE_SOURCE;
				MTL_FAST_MATH = YES;
				ONLY_ACTIVE_ARCH = YES;
				SDKROOT = iphoneos;
				SWIFT_ACTIVE_COMPILATION_CONDITIONS = DEBUG;
				SWIFT_OPTIMIZATION_LEVEL = "-Onone";
			};
			name = Debug;
		};
		3F595F0728F064B100CD9C08 /* Release */ = {
			isa = XCBuildConfiguration;
			buildSettings = {
				ALWAYS_SEARCH_USER_PATHS = NO;
				CLANG_ANALYZER_NONNULL = YES;
				CLANG_ANALYZER_NUMBER_OBJECT_CONVERSION = YES_AGGRESSIVE;
				CLANG_CXX_LANGUAGE_STANDARD = "gnu++20";
				CLANG_ENABLE_MODULES = YES;
				CLANG_ENABLE_OBJC_ARC = YES;
				CLANG_ENABLE_OBJC_WEAK = YES;
				CLANG_WARN_BLOCK_CAPTURE_AUTORELEASING = YES;
				CLANG_WARN_BOOL_CONVERSION = YES;
				CLANG_WARN_COMMA = YES;
				CLANG_WARN_CONSTANT_CONVERSION = YES;
				CLANG_WARN_DEPRECATED_OBJC_IMPLEMENTATIONS = YES;
				CLANG_WARN_DIRECT_OBJC_ISA_USAGE = YES_ERROR;
				CLANG_WARN_DOCUMENTATION_COMMENTS = YES;
				CLANG_WARN_EMPTY_BODY = YES;
				CLANG_WARN_ENUM_CONVERSION = YES;
				CLANG_WARN_INFINITE_RECURSION = YES;
				CLANG_WARN_INT_CONVERSION = YES;
				CLANG_WARN_NON_LITERAL_NULL_CONVERSION = YES;
				CLANG_WARN_OBJC_IMPLICIT_RETAIN_SELF = YES;
				CLANG_WARN_OBJC_LITERAL_CONVERSION = YES;
				CLANG_WARN_OBJC_ROOT_CLASS = YES_ERROR;
				CLANG_WARN_QUOTED_INCLUDE_IN_FRAMEWORK_HEADER = YES;
				CLANG_WARN_RANGE_LOOP_ANALYSIS = YES;
				CLANG_WARN_STRICT_PROTOTYPES = YES;
				CLANG_WARN_SUSPICIOUS_MOVE = YES;
				CLANG_WARN_UNGUARDED_AVAILABILITY = YES_AGGRESSIVE;
				CLANG_WARN_UNREACHABLE_CODE = YES;
				CLANG_WARN__DUPLICATE_METHOD_MATCH = YES;
				COPY_PHASE_STRIP = NO;
				DEBUG_INFORMATION_FORMAT = "dwarf-with-dsym";
				ENABLE_NS_ASSERTIONS = NO;
				ENABLE_STRICT_OBJC_MSGSEND = YES;
				GCC_C_LANGUAGE_STANDARD = gnu11;
				GCC_NO_COMMON_BLOCKS = YES;
				GCC_WARN_64_TO_32_BIT_CONVERSION = YES;
				GCC_WARN_ABOUT_RETURN_TYPE = YES_ERROR;
				GCC_WARN_UNDECLARED_SELECTOR = YES;
				GCC_WARN_UNINITIALIZED_AUTOS = YES_AGGRESSIVE;
				GCC_WARN_UNUSED_FUNCTION = YES;
				GCC_WARN_UNUSED_VARIABLE = YES;
				IPHONEOS_DEPLOYMENT_TARGET = 16.0;
				MTL_ENABLE_DEBUG_INFO = NO;
				MTL_FAST_MATH = YES;
				SDKROOT = iphoneos;
				SWIFT_COMPILATION_MODE = wholemodule;
				SWIFT_OPTIMIZATION_LEVEL = "-O";
				VALIDATE_PRODUCT = YES;
			};
			name = Release;
		};
		3F595F0928F064B100CD9C08 /* Debug */ = {
			isa = XCBuildConfiguration;
			baseConfigurationReference = 242210DC5F5F0C6361002351 /* Pods-AppNubank.debug.xcconfig */;
			buildSettings = {
				ASSETCATALOG_COMPILER_APPICON_NAME = AppIcon;
				ASSETCATALOG_COMPILER_GLOBAL_ACCENT_COLOR_NAME = AccentColor;
				CODE_SIGN_STYLE = Automatic;
				CURRENT_PROJECT_VERSION = 1;
				GENERATE_INFOPLIST_FILE = YES;
				INFOPLIST_FILE = AppNubank/Info.plist;
				INFOPLIST_KEY_UIApplicationSupportsIndirectInputEvents = YES;
				INFOPLIST_KEY_UILaunchStoryboardName = LaunchScreen;
				INFOPLIST_KEY_UIMainStoryboardFile = "";
				INFOPLIST_KEY_UISupportedInterfaceOrientations_iPad = "UIInterfaceOrientationPortrait UIInterfaceOrientationPortraitUpsideDown UIInterfaceOrientationLandscapeLeft UIInterfaceOrientationLandscapeRight";
				INFOPLIST_KEY_UISupportedInterfaceOrientations_iPhone = "UIInterfaceOrientationPortrait UIInterfaceOrientationLandscapeLeft UIInterfaceOrientationLandscapeRight";
				IPHONEOS_DEPLOYMENT_TARGET = 14.0;
				LD_RUNPATH_SEARCH_PATHS = (
					"$(inherited)",
					"@executable_path/Frameworks",
				);
				MARKETING_VERSION = 1.0;
				PRODUCT_BUNDLE_IDENTIFIER = appBaAle.AppNubank;
				PRODUCT_NAME = "$(TARGET_NAME)";
				SUPPORTED_PLATFORMS = "iphoneos iphonesimulator";
				SUPPORTS_MACCATALYST = NO;
				SUPPORTS_MAC_DESIGNED_FOR_IPHONE_IPAD = NO;
				SWIFT_EMIT_LOC_STRINGS = YES;
				SWIFT_VERSION = 5.0;
				TARGETED_DEVICE_FAMILY = 1;
			};
			name = Debug;
		};
		3F595F0A28F064B100CD9C08 /* Release */ = {
			isa = XCBuildConfiguration;
			baseConfigurationReference = 560F61D88076C62FAECBF47E /* Pods-AppNubank.release.xcconfig */;
			buildSettings = {
				ASSETCATALOG_COMPILER_APPICON_NAME = AppIcon;
				ASSETCATALOG_COMPILER_GLOBAL_ACCENT_COLOR_NAME = AccentColor;
				CODE_SIGN_STYLE = Automatic;
				CURRENT_PROJECT_VERSION = 1;
				GENERATE_INFOPLIST_FILE = YES;
				INFOPLIST_FILE = AppNubank/Info.plist;
				INFOPLIST_KEY_UIApplicationSupportsIndirectInputEvents = YES;
				INFOPLIST_KEY_UILaunchStoryboardName = LaunchScreen;
				INFOPLIST_KEY_UIMainStoryboardFile = "";
				INFOPLIST_KEY_UISupportedInterfaceOrientations_iPad = "UIInterfaceOrientationPortrait UIInterfaceOrientationPortraitUpsideDown UIInterfaceOrientationLandscapeLeft UIInterfaceOrientationLandscapeRight";
				INFOPLIST_KEY_UISupportedInterfaceOrientations_iPhone = "UIInterfaceOrientationPortrait UIInterfaceOrientationLandscapeLeft UIInterfaceOrientationLandscapeRight";
				IPHONEOS_DEPLOYMENT_TARGET = 14.0;
				LD_RUNPATH_SEARCH_PATHS = (
					"$(inherited)",
					"@executable_path/Frameworks",
				);
				MARKETING_VERSION = 1.0;
				PRODUCT_BUNDLE_IDENTIFIER = appBaAle.AppNubank;
				PRODUCT_NAME = "$(TARGET_NAME)";
				SUPPORTED_PLATFORMS = "iphoneos iphonesimulator";
				SUPPORTS_MACCATALYST = NO;
				SUPPORTS_MAC_DESIGNED_FOR_IPHONE_IPAD = NO;
				SWIFT_EMIT_LOC_STRINGS = YES;
				SWIFT_VERSION = 5.0;
				TARGETED_DEVICE_FAMILY = 1;
			};
			name = Release;
		};
		3F595F0C28F064B100CD9C08 /* Debug */ = {
			isa = XCBuildConfiguration;
			baseConfigurationReference = 5E5F8A7BFCBAC46E142B2F14 /* Pods-AppNubankTests.debug.xcconfig */;
			buildSettings = {
				ALWAYS_EMBED_SWIFT_STANDARD_LIBRARIES = YES;
				BUNDLE_LOADER = "$(TEST_HOST)";
				CODE_SIGN_STYLE = Automatic;
				CURRENT_PROJECT_VERSION = 1;
				GENERATE_INFOPLIST_FILE = YES;
				IPHONEOS_DEPLOYMENT_TARGET = 16.0;
				MARKETING_VERSION = 1.0;
				PRODUCT_BUNDLE_IDENTIFIER = appBaAle.AppNubankTests;
				PRODUCT_NAME = "$(TARGET_NAME)";
				SWIFT_EMIT_LOC_STRINGS = NO;
				SWIFT_VERSION = 5.0;
				TARGETED_DEVICE_FAMILY = "1,2";
				TEST_HOST = "$(BUILT_PRODUCTS_DIR)/AppNubank.app/$(BUNDLE_EXECUTABLE_FOLDER_PATH)/AppNubank";
			};
			name = Debug;
		};
		3F595F0D28F064B100CD9C08 /* Release */ = {
			isa = XCBuildConfiguration;
			baseConfigurationReference = FF1D8A25FEEC3838B10CBDE9 /* Pods-AppNubankTests.release.xcconfig */;
			buildSettings = {
				ALWAYS_EMBED_SWIFT_STANDARD_LIBRARIES = YES;
				BUNDLE_LOADER = "$(TEST_HOST)";
				CODE_SIGN_STYLE = Automatic;
				CURRENT_PROJECT_VERSION = 1;
				GENERATE_INFOPLIST_FILE = YES;
				IPHONEOS_DEPLOYMENT_TARGET = 16.0;
				MARKETING_VERSION = 1.0;
				PRODUCT_BUNDLE_IDENTIFIER = appBaAle.AppNubankTests;
				PRODUCT_NAME = "$(TARGET_NAME)";
				SWIFT_EMIT_LOC_STRINGS = NO;
				SWIFT_VERSION = 5.0;
				TARGETED_DEVICE_FAMILY = "1,2";
				TEST_HOST = "$(BUILT_PRODUCTS_DIR)/AppNubank.app/$(BUNDLE_EXECUTABLE_FOLDER_PATH)/AppNubank";
			};
			name = Release;
		};
		3F595F0F28F064B100CD9C08 /* Debug */ = {
			isa = XCBuildConfiguration;
			baseConfigurationReference = 877C039AC1517B4D5C39AE3A /* Pods-AppNubank-AppNubankUITests.debug.xcconfig */;
			buildSettings = {
				ALWAYS_EMBED_SWIFT_STANDARD_LIBRARIES = YES;
				CODE_SIGN_STYLE = Automatic;
				CURRENT_PROJECT_VERSION = 1;
				GENERATE_INFOPLIST_FILE = YES;
				MARKETING_VERSION = 1.0;
				PRODUCT_BUNDLE_IDENTIFIER = appBaAle.AppNubankUITests;
				PRODUCT_NAME = "$(TARGET_NAME)";
				SWIFT_EMIT_LOC_STRINGS = NO;
				SWIFT_VERSION = 5.0;
				TARGETED_DEVICE_FAMILY = "1,2";
				TEST_TARGET_NAME = AppNubank;
			};
			name = Debug;
		};
		3F595F1028F064B100CD9C08 /* Release */ = {
			isa = XCBuildConfiguration;
			baseConfigurationReference = 9A08BBADE48B55797A6DC8E6 /* Pods-AppNubank-AppNubankUITests.release.xcconfig */;
			buildSettings = {
				ALWAYS_EMBED_SWIFT_STANDARD_LIBRARIES = YES;
				CODE_SIGN_STYLE = Automatic;
				CURRENT_PROJECT_VERSION = 1;
				GENERATE_INFOPLIST_FILE = YES;
				MARKETING_VERSION = 1.0;
				PRODUCT_BUNDLE_IDENTIFIER = appBaAle.AppNubankUITests;
				PRODUCT_NAME = "$(TARGET_NAME)";
				SWIFT_EMIT_LOC_STRINGS = NO;
				SWIFT_VERSION = 5.0;
				TARGETED_DEVICE_FAMILY = "1,2";
				TEST_TARGET_NAME = AppNubank;
			};
			name = Release;
		};
/* End XCBuildConfiguration section */

/* Begin XCConfigurationList section */
		3F595ED928F064AF00CD9C08 /* Build configuration list for PBXProject "AppNubank" */ = {
			isa = XCConfigurationList;
			buildConfigurations = (
				3F595F0628F064B100CD9C08 /* Debug */,
				3F595F0728F064B100CD9C08 /* Release */,
			);
			defaultConfigurationIsVisible = 0;
			defaultConfigurationName = Release;
		};
		3F595F0828F064B100CD9C08 /* Build configuration list for PBXNativeTarget "AppNubank" */ = {
			isa = XCConfigurationList;
			buildConfigurations = (
				3F595F0928F064B100CD9C08 /* Debug */,
				3F595F0A28F064B100CD9C08 /* Release */,
			);
			defaultConfigurationIsVisible = 0;
			defaultConfigurationName = Release;
		};
		3F595F0B28F064B100CD9C08 /* Build configuration list for PBXNativeTarget "AppNubankTests" */ = {
			isa = XCConfigurationList;
			buildConfigurations = (
				3F595F0C28F064B100CD9C08 /* Debug */,
				3F595F0D28F064B100CD9C08 /* Release */,
			);
			defaultConfigurationIsVisible = 0;
			defaultConfigurationName = Release;
		};
		3F595F0E28F064B100CD9C08 /* Build configuration list for PBXNativeTarget "AppNubankUITests" */ = {
			isa = XCConfigurationList;
			buildConfigurations = (
				3F595F0F28F064B100CD9C08 /* Debug */,
				3F595F1028F064B100CD9C08 /* Release */,
			);
			defaultConfigurationIsVisible = 0;
			defaultConfigurationName = Release;
		};
/* End XCConfigurationList section */

/* Begin XCRemoteSwiftPackageReference section */
		03B02E0028F207C4008E2ECA /* XCRemoteSwiftPackageReference "firebase-ios-sdk" */ = {
			isa = XCRemoteSwiftPackageReference;
			repositoryURL = "https://github.com/firebase/firebase-ios-sdk";
			requirement = {
				kind = upToNextMajorVersion;
				minimumVersion = 9.0.0;
			};
		};
/* End XCRemoteSwiftPackageReference section */

/* Begin XCSwiftPackageProductDependency section */
		03B02E0128F207C4008E2ECA /* FirebaseAuth */ = {
			isa = XCSwiftPackageProductDependency;
			package = 03B02E0028F207C4008E2ECA /* XCRemoteSwiftPackageReference "firebase-ios-sdk" */;
			productName = FirebaseAuth;
		};
/* End XCSwiftPackageProductDependency section */
	};
	rootObject = 3F595ED628F064AF00CD9C08 /* Project object */;
}
